
Microsoft Visual Studio Solution File, Format Version 12.00
# Visual Studio Version 17
VisualStudioVersion = 17.5.33424.131
MinimumVisualStudioVersion = 10.0.40219.1
Project("{FAE04EC0-301F-11D3-BF4B-00C04F79EFBC}") = "Herencias", "Herencias.csproj", "{9E5827BF-9D45-4A88-927C-C02A8CBF7ADE}"
EndProject
Global
	GlobalSection(SolutionConfigurationPlatforms) = preSolution
		Debug|Any CPU = Debug|Any CPU
		Release|Any CPU = Release|Any CPU
	EndGlobalSection
	GlobalSection(ProjectConfigurationPlatforms) = postSolution
		{9E5827BF-9D45-4A88-927C-C02A8CBF7ADE}.Debug|Any CPU.ActiveCfg = Debug|Any CPU
		{9E5827BF-9D45-4A88-927C-C02A8CBF7ADE}.Debug|Any CPU.Build.0 = Debug|Any CPU
		{9E5827BF-9D45-4A88-927C-C02A8CBF7ADE}.Release|Any CPU.ActiveCfg = Release|Any CPU
		{9E5827BF-9D45-4A88-927C-C02A8CBF7ADE}.Release|Any CPU.Build.0 = Release|Any CPU
	EndGlobalSection
	GlobalSection(SolutionProperties) = preSolution
		HideSolutionNode = FALSE
	EndGlobalSection
	GlobalSection(ExtensibilityGlobals) = postSolution
		SolutionGuid = {D2ACB7F3-11F7-4BF3-86F5-3252900BA04E}
	EndGlobalSection
EndGlobal
